{
  "name": "markdown-plugins",
  "version": "1.0.0",
  "lockfileVersion": 3,
  "requires": true,
  "packages": {
    "": {
      "name": "markdown-plugins",
      "version": "1.0.0",
      "license": "ISC",
      "dependencies": {
        "rehype-sanitize": "^6.0.0"
      },
      "devDependencies": {
        "typescript": "^5.2.2"
      }
    },
    "node_modules/@types/hast": {
      "version": "3.0.2",
      "resolved": "https://registry.npmjs.org/@types/hast/-/hast-3.0.2.tgz",
      "integrity": "sha512-B5hZHgHsXvfCoO3xgNJvBnX7N8p86TqQeGKXcokW4XXi+qY4vxxPSFYofytvVmpFxzPv7oxDQzjg5Un5m2/xiw==",
      "dependencies": {
        "@types/unist": "*"
      }
    },
    "node_modules/@types/unist": {
      "version": "3.0.1",
      "resolved": "https://registry.npmjs.org/@types/unist/-/unist-3.0.1.tgz",
      "integrity": "sha512-ue/hDUpPjC85m+PM9OQDMZr3LywT+CT6mPsQq8OJtCLiERkGRcQUFvu9XASF5XWqyZFXbf15lvb3JFJ4dRLWPg=="
    },
    "node_modules/@ungap/structured-clone": {
      "version": "1.2.0",
      "resolved": "https://registry.npmjs.org/@ungap/structured-clone/-/structured-clone-1.2.0.tgz",
      "integrity": "sha512-zuVdFrMJiuCDQUMCzQaD6KL28MjnqqN8XnAqiEq9PNm/hCPTSGfrXCOfwj1ow4LFb/tNymJPwsNbVePc1xFqrQ=="
    },
    "node_modules/hast-util-sanitize": {
      "version": "5.0.1",
      "resolved": "https://registry.npmjs.org/hast-util-sanitize/-/hast-util-sanitize-5.0.1.tgz",
      "integrity": "sha512-IGrgWLuip4O2nq5CugXy4GI2V8kx4sFVy5Hd4vF7AR2gxS0N9s7nEAVUyeMtZKZvzrxVsHt73XdTsno1tClIkQ==",
      "dependencies": {
        "@types/hast": "^3.0.0",
        "@ungap/structured-clone": "^1.2.0",
        "unist-util-position": "^5.0.0"
      },
      "funding": {
        "type": "opencollective",
        "url": "https://opencollective.com/unified"
      }
    },
    "node_modules/rehype-sanitize": {
      "version": "6.0.0",
      "resolved": "https://registry.npmjs.org/rehype-sanitize/-/rehype-sanitize-6.0.0.tgz",
      "integrity": "sha512-CsnhKNsyI8Tub6L4sm5ZFsme4puGfc6pYylvXo1AeqaGbjOYyzNv3qZPwvs0oMJ39eryyeOdmxwUIo94IpEhqg==",
      "dependencies": {
        "@types/hast": "^3.0.0",
        "hast-util-sanitize": "^5.0.0"
      },
      "funding": {
        "type": "opencollective",
        "url": "https://opencollective.com/unified"
      }
    },
    "node_modules/typescript": {
      "version": "5.2.2",
      "resolved": "https://registry.npmjs.org/typescript/-/typescript-5.2.2.tgz",
      "integrity": "sha512-mI4WrpHsbCIcwT9cF4FZvr80QUeKvsUsUvKDoR+X/7XHQH98xYD8YHZg7ANtz2GtZt/CBq2QJ0thkGJMHfqc1w==",
      "dev": true,
      "bin": {
        "tsc": "bin/tsc",
        "tsserver": "bin/tsserver"
      },
      "engines": {
        "node": ">=14.17"
      }
    },
    "node_modules/unist-util-position": {
      "version": "5.0.0",
      "resolved": "https://registry.npmjs.org/unist-util-position/-/unist-util-position-5.0.0.tgz",
      "integrity": "sha512-fucsC7HjXvkB5R3kTCO7kUjRdrS0BJt3M/FPxmHMBOm8JQi2BsHAHFsy27E0EolP8rp0NzXsJ+jNPyDWvOJZPA==",
      "dependencies": {
        "@types/unist": "^3.0.0"
      },
      "funding": {
        "type": "opencollective",
        "url": "https://opencollective.com/unified"
      }
    }
  }
}
